
Microsoft Visual Studio Solution File, Format Version 12.00
# Visual Studio 15
VisualStudioVersion = 15.0.26730.3
MinimumVisualStudioVersion = 10.0.40219.1
Project("{FAE04EC0-301F-11D3-BF4B-00C04F79EFBC}") = "Week06", "Week06\Week06.csproj", "{14CD1B04-7903-478F-B81B-BE4080281053}"
EndProject
Global
	GlobalSection(SolutionConfigurationPlatforms) = preSolution
		Debug|Any CPU = Debug|Any CPU
		Release|Any CPU = Release|Any CPU
	EndGlobalSection
	GlobalSection(ProjectConfigurationPlatforms) = postSolution
		{14CD1B04-7903-478F-B81B-BE4080281053}.Debug|Any CPU.ActiveCfg = Debug|Any CPU
		{14CD1B04-7903-478F-B81B-BE4080281053}.Debug|Any CPU.Build.0 = Debug|Any CPU
		{14CD1B04-7903-478F-B81B-BE4080281053}.Release|Any CPU.ActiveCfg = Release|Any CPU
		{14CD1B04-7903-478F-B81B-BE4080281053}.Release|Any CPU.Build.0 = Release|Any CPU
	EndGlobalSection
	GlobalSection(SolutionProperties) = preSolution
		HideSolutionNode = FALSE
	EndGlobalSection
	GlobalSection(ExtensibilityGlobals) = postSolution
		SolutionGuid = {F4BCC3A5-8EE0-4811-89A2-B027FE17C256}
	EndGlobalSection
EndGlobal
